
Microsoft Visual Studio Solution File, Format Version 12.00
# Visual Studio Version 16
VisualStudioVersion = 16.0.30104.148
MinimumVisualStudioVersion = 15.0.26124.0
Project("{2150E333-8FDC-42A3-9474-1A3956D46DE8}") = "1 - Presentation", "1 - Presentation", "{7705388C-C69F-4CAE-AC09-D55A3F7605CF}"
EndProject
Project("{2150E333-8FDC-42A3-9474-1A3956D46DE8}") = "2 - Application", "2 - Application", "{72171FB0-1D87-481D-BD30-90CC7AD18E84}"
EndProject
Project("{2150E333-8FDC-42A3-9474-1A3956D46DE8}") = "3 - Domain", "3 - Domain", "{3088C145-A80B-4724-B21D-D271354F972B}"
EndProject
Project("{2150E333-8FDC-42A3-9474-1A3956D46DE8}") = "4 - Infrastructure", "4 - Infrastructure", "{FF0E603C-2FA1-4AC3-A2B1-1ACAF945CECB}"
EndProject
Project("{9A19103F-16F7-4668-BE54-9A1E7A4F7556}") = "Application", "Application\Application.csproj", "{2B545CA1-57CF-49F7-9EB9-0BBEE95E68BC}"
EndProject
Project("{9A19103F-16F7-4668-BE54-9A1E7A4F7556}") = "DTO", "DTO\DTO.csproj", "{2C677EFD-CCA8-4360-AD0F-B18D14043D71}"
EndProject
Project("{9A19103F-16F7-4668-BE54-9A1E7A4F7556}") = "Core", "Core\Core.csproj", "{C982B81C-EE2C-4A4A-BB6B-8B247861EA96}"
EndProject
Project("{9A19103F-16F7-4668-BE54-9A1E7A4F7556}") = "Domain", "Domain\Domain.csproj", "{F33E62AA-F9B7-45AC-98FD-96DDA04C8006}"
EndProject
Project("{9A19103F-16F7-4668-BE54-9A1E7A4F7556}") = "Services", "Services\Services.csproj", "{391AC69D-AFCB-4289-A702-1651553F79C0}"
EndProject
Project("{2150E333-8FDC-42A3-9474-1A3956D46DE8}") = "4.1 - Data", "4.1 - Data", "{90464CB2-E256-4A7B-8C17-D604BF6059F2}"
EndProject
Project("{2150E333-8FDC-42A3-9474-1A3956D46DE8}") = "4.2 - CrossCutting", "4.2 - CrossCutting", "{96C562C5-BEBE-4508-8017-EC7BC2E0A60F}"
EndProject
Project("{2150E333-8FDC-42A3-9474-1A3956D46DE8}") = "4.3 - SQLServer", "4.3 - SQLServer", "{AC67FB6B-820F-4042-B0EB-318AE4695D39}"
EndProject
Project("{9A19103F-16F7-4668-BE54-9A1E7A4F7556}") = "Data", "Data\Data.csproj", "{DF35C98D-9CFC-42FE-81C6-943F7DAB0964}"
EndProject
Project("{9A19103F-16F7-4668-BE54-9A1E7A4F7556}") = "Repository", "Repository\Repository.csproj", "{E9470A4F-7AA3-4991-85A0-F3B72CB437F6}"
EndProject
Project("{9A19103F-16F7-4668-BE54-9A1E7A4F7556}") = "Adapter", "Adapter\Adapter.csproj", "{ED8E5BFE-2F8B-43ED-AEEC-C9B2689155AE}"
EndProject
Project("{9A19103F-16F7-4668-BE54-9A1E7A4F7556}") = "IOC", "IOC\IOC.csproj", "{3C4FEE9E-E5A1-4632-947D-6AB19A499C83}"
EndProject
Project("{00D1A9C2-B5F0-4AF3-8072-F6C62B433612}") = "Database", "Database\Database.sqlproj", "{3FD2A6E2-F909-4C48-B930-975C16E30D2E}"
EndProject
Project("{FAE04EC0-301F-11D3-BF4B-00C04F79EFBC}") = "API", "API\API.csproj", "{794EEE15-7094-4BDA-81CF-149E4D134F87}"
EndProject
Project("{FAE04EC0-301F-11D3-BF4B-00C04F79EFBC}") = "Commons", "Commons\Commons.csproj", "{209F9AB6-827F-47F8-A73D-B60BBFB37F1E}"
EndProject
Global
	GlobalSection(SolutionConfigurationPlatforms) = preSolution
		Debug|Any CPU = Debug|Any CPU
		Debug|x64 = Debug|x64
		Debug|x86 = Debug|x86
		Release|Any CPU = Release|Any CPU
		Release|x64 = Release|x64
		Release|x86 = Release|x86
	EndGlobalSection
	GlobalSection(ProjectConfigurationPlatforms) = postSolution
		{2B545CA1-57CF-49F7-9EB9-0BBEE95E68BC}.Debug|Any CPU.ActiveCfg = Debug|Any CPU
		{2B545CA1-57CF-49F7-9EB9-0BBEE95E68BC}.Debug|Any CPU.Build.0 = Debug|Any CPU
		{2B545CA1-57CF-49F7-9EB9-0BBEE95E68BC}.Debug|x64.ActiveCfg = Debug|Any CPU
		{2B545CA1-57CF-49F7-9EB9-0BBEE95E68BC}.Debug|x64.Build.0 = Debug|Any CPU
		{2B545CA1-57CF-49F7-9EB9-0BBEE95E68BC}.Debug|x86.ActiveCfg = Debug|Any CPU
		{2B545CA1-57CF-49F7-9EB9-0BBEE95E68BC}.Debug|x86.Build.0 = Debug|Any CPU
		{2B545CA1-57CF-49F7-9EB9-0BBEE95E68BC}.Release|Any CPU.ActiveCfg = Release|Any CPU
		{2B545CA1-57CF-49F7-9EB9-0BBEE95E68BC}.Release|Any CPU.Build.0 = Release|Any CPU
		{2B545CA1-57CF-49F7-9EB9-0BBEE95E68BC}.Release|x64.ActiveCfg = Release|Any CPU
		{2B545CA1-57CF-49F7-9EB9-0BBEE95E68BC}.Release|x64.Build.0 = Release|Any CPU
		{2B545CA1-57CF-49F7-9EB9-0BBEE95E68BC}.Release|x86.ActiveCfg = Release|Any CPU
		{2B545CA1-57CF-49F7-9EB9-0BBEE95E68BC}.Release|x86.Build.0 = Release|Any CPU
		{2C677EFD-CCA8-4360-AD0F-B18D14043D71}.Debug|Any CPU.ActiveCfg = Debug|Any CPU
		{2C677EFD-CCA8-4360-AD0F-B18D14043D71}.Debug|Any CPU.Build.0 = Debug|Any CPU
		{2C677EFD-CCA8-4360-AD0F-B18D14043D71}.Debug|x64.ActiveCfg = Debug|Any CPU
		{2C677EFD-CCA8-4360-AD0F-B18D14043D71}.Debug|x64.Build.0 = Debug|Any CPU
		{2C677EFD-CCA8-4360-AD0F-B18D14043D71}.Debug|x86.ActiveCfg = Debug|Any CPU
		{2C677EFD-CCA8-4360-AD0F-B18D14043D71}.Debug|x86.Build.0 = Debug|Any CPU
		{2C677EFD-CCA8-4360-AD0F-B18D14043D71}.Release|Any CPU.ActiveCfg = Release|Any CPU
		{2C677EFD-CCA8-4360-AD0F-B18D14043D71}.Release|Any CPU.Build.0 = Release|Any CPU
		{2C677EFD-CCA8-4360-AD0F-B18D14043D71}.Release|x64.ActiveCfg = Release|Any CPU
		{2C677EFD-CCA8-4360-AD0F-B18D14043D71}.Release|x64.Build.0 = Release|Any CPU
		{2C677EFD-CCA8-4360-AD0F-B18D14043D71}.Release|x86.ActiveCfg = Release|Any CPU
		{2C677EFD-CCA8-4360-AD0F-B18D14043D71}.Release|x86.Build.0 = Release|Any CPU
		{C982B81C-EE2C-4A4A-BB6B-8B247861EA96}.Debug|Any CPU.ActiveCfg = Debug|Any CPU
		{C982B81C-EE2C-4A4A-BB6B-8B247861EA96}.Debug|Any CPU.Build.0 = Debug|Any CPU
		{C982B81C-EE2C-4A4A-BB6B-8B247861EA96}.Debug|x64.ActiveCfg = Debug|Any CPU
		{C982B81C-EE2C-4A4A-BB6B-8B247861EA96}.Debug|x64.Build.0 = Debug|Any CPU
		{C982B81C-EE2C-4A4A-BB6B-8B247861EA96}.Debug|x86.ActiveCfg = Debug|Any CPU
		{C982B81C-EE2C-4A4A-BB6B-8B247861EA96}.Debug|x86.Build.0 = Debug|Any CPU
		{C982B81C-EE2C-4A4A-BB6B-8B247861EA96}.Release|Any CPU.ActiveCfg = Release|Any CPU
		{C982B81C-EE2C-4A4A-BB6B-8B247861EA96}.Release|Any CPU.Build.0 = Release|Any CPU
		{C982B81C-EE2C-4A4A-BB6B-8B247861EA96}.Release|x64.ActiveCfg = Release|Any CPU
		{C982B81C-EE2C-4A4A-BB6B-8B247861EA96}.Release|x64.Build.0 = Release|Any CPU
		{C982B81C-EE2C-4A4A-BB6B-8B247861EA96}.Release|x86.ActiveCfg = Release|Any CPU
		{C982B81C-EE2C-4A4A-BB6B-8B247861EA96}.Release|x86.Build.0 = Release|Any CPU
		{F33E62AA-F9B7-45AC-98FD-96DDA04C8006}.Debug|Any CPU.ActiveCfg = Debug|Any CPU
		{F33E62AA-F9B7-45AC-98FD-96DDA04C8006}.Debug|Any CPU.Build.0 = Debug|Any CPU
		{F33E62AA-F9B7-45AC-98FD-96DDA04C8006}.Debug|x64.ActiveCfg = Debug|Any CPU
		{F33E62AA-F9B7-45AC-98FD-96DDA04C8006}.Debug|x64.Build.0 = Debug|Any CPU
		{F33E62AA-F9B7-45AC-98FD-96DDA04C8006}.Debug|x86.ActiveCfg = Debug|Any CPU
		{F33E62AA-F9B7-45AC-98FD-96DDA04C8006}.Debug|x86.Build.0 = Debug|Any CPU
		{F33E62AA-F9B7-45AC-98FD-96DDA04C8006}.Release|Any CPU.ActiveCfg = Release|Any CPU
		{F33E62AA-F9B7-45AC-98FD-96DDA04C8006}.Release|Any CPU.Build.0 = Release|Any CPU
		{F33E62AA-F9B7-45AC-98FD-96DDA04C8006}.Release|x64.ActiveCfg = Release|Any CPU
		{F33E62AA-F9B7-45AC-98FD-96DDA04C8006}.Release|x64.Build.0 = Release|Any CPU
		{F33E62AA-F9B7-45AC-98FD-96DDA04C8006}.Release|x86.ActiveCfg = Release|Any CPU
		{F33E62AA-F9B7-45AC-98FD-96DDA04C8006}.Release|x86.Build.0 = Release|Any CPU
		{391AC69D-AFCB-4289-A702-1651553F79C0}.Debug|Any CPU.ActiveCfg = Debug|Any CPU
		{391AC69D-AFCB-4289-A702-1651553F79C0}.Debug|Any CPU.Build.0 = Debug|Any CPU
		{391AC69D-AFCB-4289-A702-1651553F79C0}.Debug|x64.ActiveCfg = Debug|Any CPU
		{391AC69D-AFCB-4289-A702-1651553F79C0}.Debug|x64.Build.0 = Debug|Any CPU
		{391AC69D-AFCB-4289-A702-1651553F79C0}.Debug|x86.ActiveCfg = Debug|Any CPU
		{391AC69D-AFCB-4289-A702-1651553F79C0}.Debug|x86.Build.0 = Debug|Any CPU
		{391AC69D-AFCB-4289-A702-1651553F79C0}.Release|Any CPU.ActiveCfg = Release|Any CPU
		{391AC69D-AFCB-4289-A702-1651553F79C0}.Release|Any CPU.Build.0 = Release|Any CPU
		{391AC69D-AFCB-4289-A702-1651553F79C0}.Release|x64.ActiveCfg = Release|Any CPU
		{391AC69D-AFCB-4289-A702-1651553F79C0}.Release|x64.Build.0 = Release|Any CPU
		{391AC69D-AFCB-4289-A702-1651553F79C0}.Release|x86.ActiveCfg = Release|Any CPU
		{391AC69D-AFCB-4289-A702-1651553F79C0}.Release|x86.Build.0 = Release|Any CPU
		{DF35C98D-9CFC-42FE-81C6-943F7DAB0964}.Debug|Any CPU.ActiveCfg = Debug|Any CPU
		{DF35C98D-9CFC-42FE-81C6-943F7DAB0964}.Debug|Any CPU.Build.0 = Debug|Any CPU
		{DF35C98D-9CFC-42FE-81C6-943F7DAB0964}.Debug|x64.ActiveCfg = Debug|Any CPU
		{DF35C98D-9CFC-42FE-81C6-943F7DAB0964}.Debug|x64.Build.0 = Debug|Any CPU
		{DF35C98D-9CFC-42FE-81C6-943F7DAB0964}.Debug|x86.ActiveCfg = Debug|Any CPU
		{DF35C98D-9CFC-42FE-81C6-943F7DAB0964}.Debug|x86.Build.0 = Debug|Any CPU
		{DF35C98D-9CFC-42FE-81C6-943F7DAB0964}.Release|Any CPU.ActiveCfg = Release|Any CPU
		{DF35C98D-9CFC-42FE-81C6-943F7DAB0964}.Release|Any CPU.Build.0 = Release|Any CPU
		{DF35C98D-9CFC-42FE-81C6-943F7DAB0964}.Release|x64.ActiveCfg = Release|Any CPU
		{DF35C98D-9CFC-42FE-81C6-943F7DAB0964}.Release|x64.Build.0 = Release|Any CPU
		{DF35C98D-9CFC-42FE-81C6-943F7DAB0964}.Release|x86.ActiveCfg = Release|Any CPU
		{DF35C98D-9CFC-42FE-81C6-943F7DAB0964}.Release|x86.Build.0 = Release|Any CPU
		{E9470A4F-7AA3-4991-85A0-F3B72CB437F6}.Debug|Any CPU.ActiveCfg = Debug|Any CPU
		{E9470A4F-7AA3-4991-85A0-F3B72CB437F6}.Debug|Any CPU.Build.0 = Debug|Any CPU
		{E9470A4F-7AA3-4991-85A0-F3B72CB437F6}.Debug|x64.ActiveCfg = Debug|Any CPU
		{E9470A4F-7AA3-4991-85A0-F3B72CB437F6}.Debug|x64.Build.0 = Debug|Any CPU
		{E9470A4F-7AA3-4991-85A0-F3B72CB437F6}.Debug|x86.ActiveCfg = Debug|Any CPU
		{E9470A4F-7AA3-4991-85A0-F3B72CB437F6}.Debug|x86.Build.0 = Debug|Any CPU
		{E9470A4F-7AA3-4991-85A0-F3B72CB437F6}.Release|Any CPU.ActiveCfg = Release|Any CPU
		{E9470A4F-7AA3-4991-85A0-F3B72CB437F6}.Release|Any CPU.Build.0 = Release|Any CPU
		{E9470A4F-7AA3-4991-85A0-F3B72CB437F6}.Release|x64.ActiveCfg = Release|Any CPU
		{E9470A4F-7AA3-4991-85A0-F3B72CB437F6}.Release|x64.Build.0 = Release|Any CPU
		{E9470A4F-7AA3-4991-85A0-F3B72CB437F6}.Release|x86.ActiveCfg = Release|Any CPU
		{E9470A4F-7AA3-4991-85A0-F3B72CB437F6}.Release|x86.Build.0 = Release|Any CPU
		{ED8E5BFE-2F8B-43ED-AEEC-C9B2689155AE}.Debug|Any CPU.ActiveCfg = Debug|Any CPU
		{ED8E5BFE-2F8B-43ED-AEEC-C9B2689155AE}.Debug|Any CPU.Build.0 = Debug|Any CPU
		{ED8E5BFE-2F8B-43ED-AEEC-C9B2689155AE}.Debug|x64.ActiveCfg = Debug|Any CPU
		{ED8E5BFE-2F8B-43ED-AEEC-C9B2689155AE}.Debug|x64.Build.0 = Debug|Any CPU
		{ED8E5BFE-2F8B-43ED-AEEC-C9B2689155AE}.Debug|x86.ActiveCfg = Debug|Any CPU
		{ED8E5BFE-2F8B-43ED-AEEC-C9B2689155AE}.Debug|x86.Build.0 = Debug|Any CPU
		{ED8E5BFE-2F8B-43ED-AEEC-C9B2689155AE}.Release|Any CPU.ActiveCfg = Release|Any CPU
		{ED8E5BFE-2F8B-43ED-AEEC-C9B2689155AE}.Release|Any CPU.Build.0 = Release|Any CPU
		{ED8E5BFE-2F8B-43ED-AEEC-C9B2689155AE}.Release|x64.ActiveCfg = Release|Any CPU
		{ED8E5BFE-2F8B-43ED-AEEC-C9B2689155AE}.Release|x64.Build.0 = Release|Any CPU
		{ED8E5BFE-2F8B-43ED-AEEC-C9B2689155AE}.Release|x86.ActiveCfg = Release|Any CPU
		{ED8E5BFE-2F8B-43ED-AEEC-C9B2689155AE}.Release|x86.Build.0 = Release|Any CPU
		{3C4FEE9E-E5A1-4632-947D-6AB19A499C83}.Debug|Any CPU.ActiveCfg = Debug|Any CPU
		{3C4FEE9E-E5A1-4632-947D-6AB19A499C83}.Debug|Any CPU.Build.0 = Debug|Any CPU
		{3C4FEE9E-E5A1-4632-947D-6AB19A499C83}.Debug|x64.ActiveCfg = Debug|Any CPU
		{3C4FEE9E-E5A1-4632-947D-6AB19A499C83}.Debug|x64.Build.0 = Debug|Any CPU
		{3C4FEE9E-E5A1-4632-947D-6AB19A499C83}.Debug|x86.ActiveCfg = Debug|Any CPU
		{3C4FEE9E-E5A1-4632-947D-6AB19A499C83}.Debug|x86.Build.0 = Debug|Any CPU
		{3C4FEE9E-E5A1-4632-947D-6AB19A499C83}.Release|Any CPU.ActiveCfg = Release|Any CPU
		{3C4FEE9E-E5A1-4632-947D-6AB19A499C83}.Release|Any CPU.Build.0 = Release|Any CPU
		{3C4FEE9E-E5A1-4632-947D-6AB19A499C83}.Release|x64.ActiveCfg = Release|Any CPU
		{3C4FEE9E-E5A1-4632-947D-6AB19A499C83}.Release|x64.Build.0 = Release|Any CPU
		{3C4FEE9E-E5A1-4632-947D-6AB19A499C83}.Release|x86.ActiveCfg = Release|Any CPU
		{3C4FEE9E-E5A1-4632-947D-6AB19A499C83}.Release|x86.Build.0 = Release|Any CPU
		{3FD2A6E2-F909-4C48-B930-975C16E30D2E}.Debug|Any CPU.ActiveCfg = Debug|Any CPU
		{3FD2A6E2-F909-4C48-B930-975C16E30D2E}.Debug|Any CPU.Build.0 = Debug|Any CPU
		{3FD2A6E2-F909-4C48-B930-975C16E30D2E}.Debug|Any CPU.Deploy.0 = Debug|Any CPU
		{3FD2A6E2-F909-4C48-B930-975C16E30D2E}.Debug|x64.ActiveCfg = Debug|Any CPU
		{3FD2A6E2-F909-4C48-B930-975C16E30D2E}.Debug|x64.Build.0 = Debug|Any CPU
		{3FD2A6E2-F909-4C48-B930-975C16E30D2E}.Debug|x64.Deploy.0 = Debug|Any CPU
		{3FD2A6E2-F909-4C48-B930-975C16E30D2E}.Debug|x86.ActiveCfg = Debug|Any CPU
		{3FD2A6E2-F909-4C48-B930-975C16E30D2E}.Debug|x86.Build.0 = Debug|Any CPU
		{3FD2A6E2-F909-4C48-B930-975C16E30D2E}.Debug|x86.Deploy.0 = Debug|Any CPU
		{3FD2A6E2-F909-4C48-B930-975C16E30D2E}.Release|Any CPU.ActiveCfg = Release|Any CPU
		{3FD2A6E2-F909-4C48-B930-975C16E30D2E}.Release|Any CPU.Build.0 = Release|Any CPU
		{3FD2A6E2-F909-4C48-B930-975C16E30D2E}.Release|Any CPU.Deploy.0 = Release|Any CPU
		{3FD2A6E2-F909-4C48-B930-975C16E30D2E}.Release|x64.ActiveCfg = Release|Any CPU
		{3FD2A6E2-F909-4C48-B930-975C16E30D2E}.Release|x64.Build.0 = Release|Any CPU
		{3FD2A6E2-F909-4C48-B930-975C16E30D2E}.Release|x64.Deploy.0 = Release|Any CPU
		{3FD2A6E2-F909-4C48-B930-975C16E30D2E}.Release|x86.ActiveCfg = Release|Any CPU
		{3FD2A6E2-F909-4C48-B930-975C16E30D2E}.Release|x86.Build.0 = Release|Any CPU
		{3FD2A6E2-F909-4C48-B930-975C16E30D2E}.Release|x86.Deploy.0 = Release|Any CPU
		{794EEE15-7094-4BDA-81CF-149E4D134F87}.Debug|Any CPU.ActiveCfg = Debug|Any CPU
		{794EEE15-7094-4BDA-81CF-149E4D134F87}.Debug|Any CPU.Build.0 = Debug|Any CPU
		{794EEE15-7094-4BDA-81CF-149E4D134F87}.Debug|x64.ActiveCfg = Debug|Any CPU
		{794EEE15-7094-4BDA-81CF-149E4D134F87}.Debug|x64.Build.0 = Debug|Any CPU
		{794EEE15-7094-4BDA-81CF-149E4D134F87}.Debug|x86.ActiveCfg = Debug|Any CPU
		{794EEE15-7094-4BDA-81CF-149E4D134F87}.Debug|x86.Build.0 = Debug|Any CPU
		{794EEE15-7094-4BDA-81CF-149E4D134F87}.Release|Any CPU.ActiveCfg = Release|Any CPU
		{794EEE15-7094-4BDA-81CF-149E4D134F87}.Release|Any CPU.Build.0 = Release|Any CPU
		{794EEE15-7094-4BDA-81CF-149E4D134F87}.Release|x64.ActiveCfg = Release|Any CPU
		{794EEE15-7094-4BDA-81CF-149E4D134F87}.Release|x64.Build.0 = Release|Any CPU
		{794EEE15-7094-4BDA-81CF-149E4D134F87}.Release|x86.ActiveCfg = Release|Any CPU
		{794EEE15-7094-4BDA-81CF-149E4D134F87}.Release|x86.Build.0 = Release|Any CPU
		{209F9AB6-827F-47F8-A73D-B60BBFB37F1E}.Debug|Any CPU.ActiveCfg = Debug|Any CPU
		{209F9AB6-827F-47F8-A73D-B60BBFB37F1E}.Debug|Any CPU.Build.0 = Debug|Any CPU
		{209F9AB6-827F-47F8-A73D-B60BBFB37F1E}.Debug|x64.ActiveCfg = Debug|Any CPU
		{209F9AB6-827F-47F8-A73D-B60BBFB37F1E}.Debug|x64.Build.0 = Debug|Any CPU
		{209F9AB6-827F-47F8-A73D-B60BBFB37F1E}.Debug|x86.ActiveCfg = Debug|Any CPU
		{209F9AB6-827F-47F8-A73D-B60BBFB37F1E}.Debug|x86.Build.0 = Debug|Any CPU
		{209F9AB6-827F-47F8-A73D-B60BBFB37F1E}.Release|Any CPU.ActiveCfg = Release|Any CPU
		{209F9AB6-827F-47F8-A73D-B60BBFB37F1E}.Release|Any CPU.Build.0 = Release|Any CPU
		{209F9AB6-827F-47F8-A73D-B60BBFB37F1E}.Release|x64.ActiveCfg = Release|Any CPU
		{209F9AB6-827F-47F8-A73D-B60BBFB37F1E}.Release|x64.Build.0 = Release|Any CPU
		{209F9AB6-827F-47F8-A73D-B60BBFB37F1E}.Release|x86.ActiveCfg = Release|Any CPU
		{209F9AB6-827F-47F8-A73D-B60BBFB37F1E}.Release|x86.Build.0 = Release|Any CPU
	EndGlobalSection
	GlobalSection(SolutionProperties) = preSolution
		HideSolutionNode = FALSE
	EndGlobalSection
	GlobalSection(NestedProjects) = preSolution
		{2B545CA1-57CF-49F7-9EB9-0BBEE95E68BC} = {72171FB0-1D87-481D-BD30-90CC7AD18E84}
		{2C677EFD-CCA8-4360-AD0F-B18D14043D71} = {72171FB0-1D87-481D-BD30-90CC7AD18E84}
		{C982B81C-EE2C-4A4A-BB6B-8B247861EA96} = {3088C145-A80B-4724-B21D-D271354F972B}
		{F33E62AA-F9B7-45AC-98FD-96DDA04C8006} = {3088C145-A80B-4724-B21D-D271354F972B}
		{391AC69D-AFCB-4289-A702-1651553F79C0} = {3088C145-A80B-4724-B21D-D271354F972B}
		{90464CB2-E256-4A7B-8C17-D604BF6059F2} = {FF0E603C-2FA1-4AC3-A2B1-1ACAF945CECB}
		{96C562C5-BEBE-4508-8017-EC7BC2E0A60F} = {FF0E603C-2FA1-4AC3-A2B1-1ACAF945CECB}
		{AC67FB6B-820F-4042-B0EB-318AE4695D39} = {FF0E603C-2FA1-4AC3-A2B1-1ACAF945CECB}
		{DF35C98D-9CFC-42FE-81C6-943F7DAB0964} = {90464CB2-E256-4A7B-8C17-D604BF6059F2}
		{E9470A4F-7AA3-4991-85A0-F3B72CB437F6} = {90464CB2-E256-4A7B-8C17-D604BF6059F2}
		{ED8E5BFE-2F8B-43ED-AEEC-C9B2689155AE} = {96C562C5-BEBE-4508-8017-EC7BC2E0A60F}
		{3C4FEE9E-E5A1-4632-947D-6AB19A499C83} = {96C562C5-BEBE-4508-8017-EC7BC2E0A60F}
		{3FD2A6E2-F909-4C48-B930-975C16E30D2E} = {AC67FB6B-820F-4042-B0EB-318AE4695D39}
		{794EEE15-7094-4BDA-81CF-149E4D134F87} = {7705388C-C69F-4CAE-AC09-D55A3F7605CF}
		{209F9AB6-827F-47F8-A73D-B60BBFB37F1E} = {3088C145-A80B-4724-B21D-D271354F972B}
	EndGlobalSection
	GlobalSection(ExtensibilityGlobals) = postSolution
		SolutionGuid = {9AE5EEC1-7882-4619-87EE-504EC2A8F1FB}
	EndGlobalSection
EndGlobal
